schema: '2.0'
stages:
  prediction-plots:
    cmd: python -m vit.scripts.predictions_analyze
    deps:
    - path: output/glad-shape-197/trained_model.pth
      hash: md5
      md5: 7dec6d8379098dbdadb7fb3a49fd350e
      size: 95600921
    - path: solar_dataset.json
      hash: md5
      md5: 2d42723b7ee25c2d4f01c8622621a7b6
      size: 42307662
    - path: stats.pkl
      hash: md5
      md5: fe8e2d59c30489c29ec6e44ff8afb493
      size: 500
    - path: vit/scripts/ig.py
      hash: md5
      md5: 99826f8f549871d515d5dec9d44de4e7
      size: 6565
    - path: vit/scripts/predictions_analyze.py
      hash: md5
      md5: dc8ee59bc97aa7bc9694c75433081118
      size: 13570
    outs:
    - path: pred-output/
      hash: md5
      md5: 07a9f279ba486e07db98328885db1b7c.dir
      size: 3453760
      nfiles: 56
  plot-class-dist:
    cmd: python -m vit.scripts.plot_class_wise_distribution
    deps:
    - path: data/intermediate-outs/attributions_neg.pt
      hash: md5
      md5: 05c230b52a645edee914ff159959e625
      size: 41285193540
    - path: data/intermediate-outs/attributions_pos.pt
      hash: md5
      md5: 0e62bf477c1772f582bc04d3f7c1212d
      size: 23752610884
    - path: solar_dataset.json
      hash: md5
      md5: 2d42723b7ee25c2d4f01c8622621a7b6
      size: 42307662
    - path: vit/scripts/class_wise_distribution.py
      hash: md5
      md5: 54cb689b1c4a5d42fe388e4f5da4c3a8
      size: 6018
    - path: vit/scripts/ig.py
      hash: md5
      md5: 99826f8f549871d515d5dec9d44de4e7
      size: 6565
    - path: vit/scripts/plot_class_wise_distribution.py
      hash: md5
      md5: cb850c5717d99f7b1d2e26768c67ca1f
      size: 2465
    - path: vit/scripts/predictions_analyze.py
      hash: md5
      md5: dc8ee59bc97aa7bc9694c75433081118
      size: 13570
    outs:
    - path: plots/class_wise_int_dist_passband_131.png
      hash: md5
      md5: 367f9ab224a837b5dcecad5296f27146
      size: 39859
    - path: plots/class_wise_int_dist_passband_94.png
      hash: md5
      md5: bf59dc15a0c2c765ba2fab9f05deab14
      size: 41580
  xgb-feat-importance:
    cmd: python -m scripts.xgb_feat_importance
    deps:
    - path: output/fine-thunder-7/best_xgboost_model.json
      hash: md5
      md5: 49b5f53336978765cb4423963d5462b5
      size: 85407
    - path: output/sage-shape-6/best_xgboost_model.json
      hash: md5
      md5: 466784f22ed6dbf0446c80a945d10aec
      size: 5312519
    - path: scripts/xgb_feat_importance.py
      hash: md5
      md5: 33bcebd44de90d8e82b40f3372b776d4
      size: 2580
    outs:
    - path: plots/xgb_feat_importance_percentile.png
      hash: md5
      md5: aa97ca879e4f759e052a96aa2d441384
      size: 121037
    - path: plots/xgb_feat_importance_percentile_gain.png
      hash: md5
      md5: abc02fe6174dfe510dca0cac5dbf8dc5
      size: 218230
    - path: plots/xgb_feat_importance_simple.png
      hash: md5
      md5: a6f5d87a9c54accac8c81153093dc629
      size: 76097
