schema: '2.0'
stages:
  prediction-plots:
    cmd: python -m src.torch.vit.predictions_analyze
    deps:
    - path: outputs/glad-shape-197/trained_model.pth
      hash: md5
      md5: 7dec6d8379098dbdadb7fb3a49fd350e
      size: 95600921
    - path: solar_dataset.json
      hash: md5
      md5: 4529d184ced5a18d8303bdad72af79b7
      size: 42253014
    - path: src/torch/vit/ig.py
      hash: md5
      md5: 532398a7e7b04d9ec76de859f3b29386
      size: 6640
    - path: src/torch/vit/predictions_analyze.py
      hash: md5
      md5: 710bdcb89fa5aa8f54331d8a892a5569
      size: 11212
    - path: stats.pkl
      hash: md5
      md5: fe8e2d59c30489c29ec6e44ff8afb493
      size: 500
    outs:
    - path: pred-output/1275/goes_with_predictions.png
      hash: md5
      md5: f5e926be5b6b64c5bb802b53eb5350c2
      size: 80470
    - path: pred-output/1449/goes_with_predictions.png
      hash: md5
      md5: 73363a4a3fba33a4dfcf8823100db30c
      size: 69333
    - path: pred-output/185/goes_with_predictions.png
      hash: md5
      md5: 647c58f5b6bd60b98079031583b5b777
      size: 76025
    - path: pred-output/2026/goes_with_predictions.png
      hash: md5
      md5: df5144371787f80d823993c34632d0d2
      size: 68235
    - path: pred-output/3153/goes_with_predictions.png
      hash: md5
      md5: bb9cd8074eff0f0b13c55c7e4d184de5
      size: 69085
    - path: pred-output/3229/goes_with_predictions.png
      hash: md5
      md5: 6b9f5791bcd296ff7c1271a5829fa864
      size: 81417
    - path: pred-output/3364/goes_with_predictions.png
      hash: md5
      md5: 09b27722ac6e15769f29f00ff98515a2
      size: 91904
    - path: pred-output/3563/goes_with_predictions.png
      hash: md5
      md5: 759d15483ae301a2c7a7a5f35bcc3cb6
      size: 79916
    - path: pred-output/377/goes_with_predictions.png
      hash: md5
      md5: eeba5897a2a730731a7aa194d1019452
      size: 90511
    - path: pred-output/401/goes_with_predictions.png
      hash: md5
      md5: 179de12e35af7707a63078f2c4dbb443
      size: 96849
    - path: pred-output/4296/goes_with_predictions.png
      hash: md5
      md5: 82d896df195f1445ca6dd97eb6e5f9e0
      size: 82414
    - path: pred-output/4920/goes_with_predictions.png
      hash: md5
      md5: f2a703d2e41c7204aedec13bb02c164f
      size: 89251
    - path: pred-output/5894/goes_with_predictions.png
      hash: md5
      md5: ac5fdb5c3cceeaa299383e522ddaaf35
      size: 91869
    - path: pred-output/833/goes_with_predictions.png
      hash: md5
      md5: 62a79811fab7ed93d59c4140ff26a44c
      size: 94414
  plot-class-dist:
    cmd: python -m src.torch.vit.plot_class_wise_distribution
    deps:
    - path: data/intermediate-outs/attributions_neg.pt
      hash: md5
      md5: fd17ccb95d13cc6b6d375106d2f8b23c
      size: 43951538052
    - path: data/intermediate-outs/attributions_pos.pt
      hash: md5
      md5: 4a3ca76ffb3545d29706981fc3588de8
      size: 22428583812
    - path: solar_dataset.json
      hash: md5
      md5: 4529d184ced5a18d8303bdad72af79b7
      size: 42253014
    - path: src/torch/vit/class_wise_distribution.py
      hash: md5
      md5: 810d6aa3c434cf56bde15220b9c82e2c
      size: 6140
    - path: src/torch/vit/ig.py
      hash: md5
      md5: 532398a7e7b04d9ec76de859f3b29386
      size: 6640
    - path: src/torch/vit/plot_class_wise_distribution.py
      hash: md5
      md5: 0c9769e1a446905d557dc2cc9748edc3
      size: 2447
    - path: src/torch/vit/utils.py
      hash: md5
      md5: 8365be090a608fc832bfac63075f9e71
      size: 3482
    outs:
    - path: plots/class_wise_int_dist_passband_131.png
      hash: md5
      md5: e14bddadebf5b0c2dd61298d11c04e3d
      size: 39781
    - path: plots/class_wise_int_dist_passband_94.png
      hash: md5
      md5: 1d69e35141d9644931637c71eff7d692
      size: 39104
  xgb-feat-importance:
    cmd: python -m src.torch.xgb_feat_importance
    deps:
    - path: outputs/deep-spaceship-10/best_xgboost_model.json
      hash: md5
      md5: a77a3df0d6bb8d6e48bbe51781a88960
      size: 78666
    - path: src/torch/xgb_feat_importance.py
      hash: md5
      md5: d37dfa620cbc4c2aa7a03ecc7fb00f1e
      size: 1862
    outs:
    - path: plots/xgb_feat_importance_gain.png
      hash: md5
      md5: f6687b5e130b4308f04d47d6fbaad894
      size: 286700
    - path: plots/xgb_feat_importance_weight.png
      hash: md5
      md5: 95be34f617dcdeab7ccf3f7492165943
      size: 140109
  plot_contour_image_grid:
    cmd: python -m src.torch.vit.plot_contour_image_grid
    deps:
    - path: outputs/glad-shape-197/trained_model.pth
      hash: md5
      md5: 7dec6d8379098dbdadb7fb3a49fd350e
      size: 95600921
    - path: solar_dataset.json
      hash: md5
      md5: 4529d184ced5a18d8303bdad72af79b7
      size: 42253014
    - path: src/torch/vit/ig.py
      hash: md5
      md5: 532398a7e7b04d9ec76de859f3b29386
      size: 6640
    - path: src/torch/vit/plot_contour_image_grid.py
      hash: md5
      md5: d851021c8dd7605a1c0a083f88c91a01
      size: 5305
    - path: src/torch/vit/train.py
      hash: md5
      md5: ee241813666d738ad6f527d17166403b
      size: 10434
    - path: src/torch/vit/utils.py
      hash: md5
      md5: 8365be090a608fc832bfac63075f9e71
      size: 3482
    - path: stats.pkl
      hash: md5
      md5: fe8e2d59c30489c29ec6e44ff8afb493
      size: 500
    outs:
    - path: plots/attribution_contour_grid.png
      hash: md5
      md5: 74b613e19767bd9039035c214d5a5e5a
      size: 15323617
  create_movie:
    cmd: python -m src.torch.vit.create_movies
    deps:
    - path: outputs/glad-shape-197/trained_model.pth
      hash: md5
      md5: 7dec6d8379098dbdadb7fb3a49fd350e
      size: 95600921
    - path: solar_dataset.json
      hash: md5
      md5: 4529d184ced5a18d8303bdad72af79b7
      size: 42253014
    - path: src/torch/vit/class_wise_distribution.py
      hash: md5
      md5: 810d6aa3c434cf56bde15220b9c82e2c
      size: 6140
    - path: src/torch/vit/create_movies.py
      hash: md5
      md5: 94324608dfcff4355cdbd32bc0f4effa
      size: 3037
    - path: src/torch/vit/ig.py
      hash: md5
      md5: 532398a7e7b04d9ec76de859f3b29386
      size: 6640
    - path: src/torch/vit/train.py
      hash: md5
      md5: ee241813666d738ad6f527d17166403b
      size: 10434
    - path: src/torch/vit/utils.py
      hash: md5
      md5: 8365be090a608fc832bfac63075f9e71
      size: 3482
    - path: stats.pkl
      hash: md5
      md5: fe8e2d59c30489c29ec6e44ff8afb493
      size: 500
    outs:
    - path: tests_outputs/movie_131.mp4
      hash: md5
      md5: d11170b4e846689017db1b987133e3e1
      size: 7227007
  attribution_analyzis:
    cmd: python -m src.torch.vit.attributions_analyze
    deps:
    - path: src/torch/vit/attributions_analyze.py
      hash: md5
      md5: f3342e25e9b48e74329101b28e244e8d
      size: 3797
    - path: src/torch/vit/class_wise_distribution.py
      hash: md5
      md5: 810d6aa3c434cf56bde15220b9c82e2c
      size: 6140
    - path: src/torch/vit/ig.py
      hash: md5
      md5: 532398a7e7b04d9ec76de859f3b29386
      size: 6640
    - path: src/torch/vit/predictions_analyze.py
      hash: md5
      md5: b8d37db64a8650eddbf51a989b7fbeea
      size: 11227
    - path: src/torch/vit/train.py
      hash: md5
      md5: 35b1d1dd419a7a4903a96c126cf6be91
      size: 11061
    - path: src/torch/vit/utils.py
      hash: md5
      md5: 8365be090a608fc832bfac63075f9e71
      size: 3482
    outs:
    - path: pred-output/1275/attributions_percentiles_99.png
      hash: md5
      md5: db1f489c75080fe580cfd91493f5fe8d
      size: 46039
    - path: pred-output/1275/filtered_image_intensities.png
      hash: md5
      md5: 4dc7fdce35a0a109270e942e90d42c49
      size: 47879
    - path: pred-output/1449/attributions_percentiles_99.png
      hash: md5
      md5: 376f6c15c9d45b3cba48cd38797c0c60
      size: 40994
    - path: pred-output/1449/filtered_image_intensities.png
      hash: md5
      md5: 92ecce6731b57d3ef8b127033f3775f0
      size: 28968
    - path: pred-output/185/attributions_percentiles_99.png
      hash: md5
      md5: d8768da554a5f0d03c45cca4139d16d4
      size: 46623
    - path: pred-output/185/filtered_image_intensities.png
      hash: md5
      md5: 0778905034920891eb370ff612b53385
      size: 45810
    - path: pred-output/2026/attributions_percentiles_99.png
      hash: md5
      md5: 4567a828c728e8f3c09fda9bb323b248
      size: 47965
    - path: pred-output/2026/filtered_image_intensities.png
      hash: md5
      md5: 930472ef6aaa30a07c4084c982fc18b9
      size: 37324
    - path: pred-output/3153/attributions_percentiles_99.png
      hash: md5
      md5: 0ed010f4a6ab604899ec929e1ee4e240
      size: 27838
    - path: pred-output/3153/filtered_image_intensities.png
      hash: md5
      md5: c4f513bc9b953db20c9f2bffe18b332e
      size: 19773
    - path: pred-output/3229/attributions_percentiles_99.png
      hash: md5
      md5: 99f40cec00fdab0b8fc4d513814369f3
      size: 40653
    - path: pred-output/3229/filtered_image_intensities.png
      hash: md5
      md5: e1b6092d22ee02843019a8a6462b3c61
      size: 45587
    - path: pred-output/3364/attributions_percentiles_99.png
      hash: md5
      md5: 8e164ccdb6b1145a9125bd38ad3f0244
      size: 35440
    - path: pred-output/3364/filtered_image_intensities.png
      hash: md5
      md5: c38c4425b66a24ae322e8d497a300c24
      size: 104446
    - path: pred-output/3563/attributions_percentiles_99.png
      hash: md5
      md5: 100ebb01bc839d1871665c66166c1792
      size: 40087
    - path: pred-output/3563/filtered_image_intensities.png
      hash: md5
      md5: e295b47a361912fe4447a1d1065f4f4b
      size: 84232
    - path: pred-output/377/attributions_percentiles_99.png
      hash: md5
      md5: 254e44ba3fbd9cb3f3b817d7aaa88e76
      size: 44646
    - path: pred-output/377/filtered_image_intensities.png
      hash: md5
      md5: 071a9b51df342bde682f55311a26a2cb
      size: 46453
    - path: pred-output/401/attributions_percentiles_99.png
      hash: md5
      md5: 21f1f7e0ba6ca9189a758f7b1cff3fda
      size: 39915
    - path: pred-output/401/filtered_image_intensities.png
      hash: md5
      md5: df8df736e9cb1ac9098fa266fe5b6fd5
      size: 75233
    - path: pred-output/4296/attributions_percentiles_99.png
      hash: md5
      md5: 2e11ce7607c05e66a3ddc8235881b202
      size: 43051
    - path: pred-output/4296/filtered_image_intensities.png
      hash: md5
      md5: 93c90f4dec70dcf52b48aafde745403c
      size: 61122
    - path: pred-output/4920/attributions_percentiles_99.png
      hash: md5
      md5: 245c9a3d1e0a0e94e315934398954e40
      size: 37188
    - path: pred-output/4920/filtered_image_intensities.png
      hash: md5
      md5: 92d49b09d36aa4101e5217e113d8a6bb
      size: 75678
    - path: pred-output/5894/attributions_percentiles_99.png
      hash: md5
      md5: d922fc298326954edb224d84a334ea79
      size: 38195
    - path: pred-output/5894/filtered_image_intensities.png
      hash: md5
      md5: a3922f13eb04dea4ccab68e4bc4b3374
      size: 64462
    - path: pred-output/833/attributions_percentiles_99.png
      hash: md5
      md5: 6a37b3b3606c282e275455c99b4418db
      size: 39416
    - path: pred-output/833/filtered_image_intensities.png
      hash: md5
      md5: 5bc9e3577aa11e6e4bced54d42904ed1
      size: 121267
  confusion-matrix-val:
    cmd: python -m src.torch.vit.test --subset validation
    deps:
    - path: outputs/glad-shape-197/trained_model.pth
      hash: md5
      md5: 7dec6d8379098dbdadb7fb3a49fd350e
      size: 95600921
    - path: solar_dataset.json
      hash: md5
      md5: 4529d184ced5a18d8303bdad72af79b7
      size: 42253014
    - path: src/torch/vit/test.py
      hash: md5
      md5: 15635bfc6ec87ea8cd8e64295de9758e
      size: 2999
    - path: stats.pkl
      hash: md5
      md5: fe8e2d59c30489c29ec6e44ff8afb493
      size: 500
    outs:
    - path: plots/cm.png
      hash: md5
      md5: cc35e16abed57155c58148c7579396a6
      size: 10014
  data-single:
    cmd: python -m src.data_single --process --select
    deps:
    - path: data/GOES_event_list.csv
      hash: md5
      md5: 0d9b65982ed410b544785c53d41ce49c
      size: 82751
    - path: data/aarps_full_urlist.txt
      hash: md5
      md5: 1408237b6152654b548aaa72a6b1da18
      size: 26430504
    - path: data/all_harps_with_noaa_ars.txt
      hash: md5
      md5: dcb5e46cd87218eb8bab35150603c550
      size: 13005
    - path: src/data_single.py
      hash: md5
      md5: a67f932c65b4a5258a0f555f31296425
      size: 13726
    outs:
    - path: data/combined_clean.csv
      hash: md5
      md5: 605086aa925be881110c91be6758218d
      size: 293146323
    - path: data/combined_dl_list.csv
      hash: md5
      md5: 2bfb4fa30fb10fff91169e61ea1090e6
      size: 4614842
    - path: data/combined_processed_df.csv
      hash: md5
      md5: cd0a270031526d26483593686b45c284
      size: 228865125
    - path: data/goes_df_aarp_id.csv
      hash: md5
      md5: 55fa78ca1661f4b9281be33b411d5f52
      size: 4391
    - path: data/grouped_df.csv
      hash: md5
      md5: b0ecebd5ecbf31c17d74918a48d5efce
      size: 636768
    - path: data/neg_urls_selected_downloaded.csv
      hash: md5
      md5: 899963aa1768eac5358732fd35094760
      size: 4338544
    - path: data/pos_urls_selected_downloaded.csv
      hash: md5
      md5: 82a83503ef966bb95230b099b4f9b2df
      size: 254673
    - path: data/shape_limited.csv
      hash: md5
      md5: 7b0a0556f40362ff021e044ce957c96d
      size: 124077895
  create-distribution:
    cmd: python -m src.torch.vit.class_wise_distribution
    deps:
    - path: outputs/glad-shape-197/trained_model.pth
      hash: md5
      md5: 7dec6d8379098dbdadb7fb3a49fd350e
      size: 95600921
    - path: solar_dataset.json
      hash: md5
      md5: 4529d184ced5a18d8303bdad72af79b7
      size: 42253014
    - path: src/torch/vit/class_wise_distribution.py
      hash: md5
      md5: 810d6aa3c434cf56bde15220b9c82e2c
      size: 6140
    - path: src/torch/vit/ig.py
      hash: md5
      md5: 532398a7e7b04d9ec76de859f3b29386
      size: 6640
    - path: src/torch/vit/utils.py
      hash: md5
      md5: 8365be090a608fc832bfac63075f9e71
      size: 3482
    - path: stats.pkl
      hash: md5
      md5: fe8e2d59c30489c29ec6e44ff8afb493
      size: 500
    outs:
    - path: data/intermediate-outs/attributions_neg.pt
      hash: md5
      md5: fd17ccb95d13cc6b6d375106d2f8b23c
      size: 43951538052
    - path: data/intermediate-outs/attributions_pos.pt
      hash: md5
      md5: 4a3ca76ffb3545d29706981fc3588de8
      size: 22428583812
