schema: '2.0'
stages:
  prediction-plots:
    cmd: python -m src.torch.vit.predictions_analyze
    deps:
    - path: outputs/glad-shape-197/trained_model.pth
      hash: md5
      md5: 7dec6d8379098dbdadb7fb3a49fd350e
      size: 95600921
    - path: solar_dataset.json
      hash: md5
      md5: 4529d184ced5a18d8303bdad72af79b7
      size: 42253014
    - path: src/torch/vit/ig.py
      hash: md5
      md5: 532398a7e7b04d9ec76de859f3b29386
      size: 6640
    - path: src/torch/vit/predictions_analyze.py
      hash: md5
      md5: 814143273ba76114ed3b1d9c309b0d7b
      size: 14255
    - path: stats.pkl
      hash: md5
      md5: fe8e2d59c30489c29ec6e44ff8afb493
      size: 500
    outs:
    - path: plots/predictions/1275/goes_with_predictions.png
      hash: md5
      md5: f5e926be5b6b64c5bb802b53eb5350c2
      size: 80470
    - path: plots/predictions/1449/goes_with_predictions.png
      hash: md5
      md5: 73363a4a3fba33a4dfcf8823100db30c
      size: 69333
    - path: plots/predictions/185/goes_with_predictions.png
      hash: md5
      md5: 647c58f5b6bd60b98079031583b5b777
      size: 76025
    - path: plots/predictions/2026/goes_with_predictions.png
      hash: md5
      md5: df5144371787f80d823993c34632d0d2
      size: 68235
    - path: plots/predictions/3153/goes_with_predictions.png
      hash: md5
      md5: bb9cd8074eff0f0b13c55c7e4d184de5
      size: 69085
    - path: plots/predictions/3229/goes_with_predictions.png
      hash: md5
      md5: 6b9f5791bcd296ff7c1271a5829fa864
      size: 81417
    - path: plots/predictions/3364/goes_with_predictions.png
      hash: md5
      md5: 09b27722ac6e15769f29f00ff98515a2
      size: 91904
    - path: plots/predictions/3563/goes_with_predictions.png
      hash: md5
      md5: 759d15483ae301a2c7a7a5f35bcc3cb6
      size: 79916
    - path: plots/predictions/377/goes_with_predictions.png
      hash: md5
      md5: eeba5897a2a730731a7aa194d1019452
      size: 90511
    - path: plots/predictions/401/goes_with_predictions.png
      hash: md5
      md5: 179de12e35af7707a63078f2c4dbb443
      size: 96849
    - path: plots/predictions/4296/goes_with_predictions.png
      hash: md5
      md5: 82d896df195f1445ca6dd97eb6e5f9e0
      size: 82414
    - path: plots/predictions/4920/goes_with_predictions.png
      hash: md5
      md5: f2a703d2e41c7204aedec13bb02c164f
      size: 89251
    - path: plots/predictions/5894/goes_with_predictions.png
      hash: md5
      md5: ac5fdb5c3cceeaa299383e522ddaaf35
      size: 91869
    - path: plots/predictions/833/goes_with_predictions.png
      hash: md5
      md5: 62a79811fab7ed93d59c4140ff26a44c
      size: 94414
  plot-class-dist:
    cmd: python -m src.torch.vit.plot_class_wise_distribution
    deps:
    - path: data/intermediate-outs/attributions_neg.pt
      hash: md5
      md5: fd17ccb95d13cc6b6d375106d2f8b23c
      size: 43951538052
    - path: data/intermediate-outs/attributions_pos.pt
      hash: md5
      md5: 4a3ca76ffb3545d29706981fc3588de8
      size: 22428583812
    - path: solar_dataset.json
      hash: md5
      md5: 4529d184ced5a18d8303bdad72af79b7
      size: 42253014
    - path: src/torch/vit/class_wise_distribution.py
      hash: md5
      md5: c978236cd1d264551ebed91d31091b2f
      size: 7180
    - path: src/torch/vit/ig.py
      hash: md5
      md5: 532398a7e7b04d9ec76de859f3b29386
      size: 6640
    - path: src/torch/vit/plot_class_wise_distribution.py
      hash: md5
      md5: ce55f5d5e1445f946042ae32af833aa7
      size: 12518
    - path: src/torch/vit/utils.py
      hash: md5
      md5: b6a766d682c31543d9d20eafb7d28c1a
      size: 7551
    outs:
    - path: plots/distribution/131.png
      hash: md5
      md5: 9663646ffc9140f400858d589841dc62
      size: 123509
    - path: plots/distribution/171.png
      hash: md5
      md5: b06b741d479935037983511497c27a46
      size: 128309
    - path: plots/distribution/193.png
      hash: md5
      md5: d2f1c5f748550036391b92632380a357
      size: 130842
    - path: plots/distribution/211.png
      hash: md5
      md5: cc99cab0d0d1155d1e9ad65dcf947686
      size: 129570
    - path: plots/distribution/304.png
      hash: md5
      md5: 57badfd77716c0dccdb27db9c95ba744
      size: 128572
    - path: plots/distribution/335.png
      hash: md5
      md5: c463c3af97f6ec23c84f05c24c9cd5e6
      size: 127228
    - path: plots/distribution/94.png
      hash: md5
      md5: 442f12c5d7c4b8428b88e570b162b2e2
      size: 121230
  xgb-feat-importance:
    cmd: python -m src.torch.xgb_feat_importance --model-path 
      outputs/devoted-pond-14/best_xgboost_model.json
    deps:
    - path: outputs/devoted-pond-14/best_xgboost_model.json
      hash: md5
      md5: e8eb6d2c13466fcfb02ed6ec3670989f
      size: 60468
    - path: src/torch/xgb_feat_importance.py
      hash: md5
      md5: 5a86e9d4c57f707b69ad9ae2a1a6a203
      size: 5519
    outs:
    - path: plots/xgb/devoted-pond-14/feat_importance_gain.png
      hash: md5
      md5: 0235d4f0b65759abb834917c36f1771b
      size: 75363
    - path: plots/xgb/devoted-pond-14/feat_importance_gain_top20.png
      hash: md5
      md5: 36333d560c1d1fb2add391ecf29ee77e
      size: 53375
    - path: plots/xgb/devoted-pond-14/feat_importance_weight.png
      hash: md5
      md5: b8e5db0a1d0d203e4a1027a305d398d3
      size: 58687
  plot_contour_image_grid:
    cmd: python -m src.torch.vit.plot_contour_image_grid
    deps:
    - path: outputs/glad-shape-197/trained_model.pth
      hash: md5
      md5: 7dec6d8379098dbdadb7fb3a49fd350e
      size: 95600921
    - path: solar_dataset.json
      hash: md5
      md5: 4529d184ced5a18d8303bdad72af79b7
      size: 42253014
    - path: src/torch/vit/ig.py
      hash: md5
      md5: 532398a7e7b04d9ec76de859f3b29386
      size: 6640
    - path: src/torch/vit/plot_contour_image_grid.py
      hash: md5
      md5: bb3ec3c2e81e09bd660ebf3f646a986f
      size: 9359
    - path: src/torch/vit/train.py
      hash: md5
      md5: ee241813666d738ad6f527d17166403b
      size: 10434
    - path: src/torch/vit/utils.py
      hash: md5
      md5: b6a766d682c31543d9d20eafb7d28c1a
      size: 7551
    - path: stats.pkl
      hash: md5
      md5: fe8e2d59c30489c29ec6e44ff8afb493
      size: 500
    outs:
    - path: plots/attribution_contour_grid.png
      hash: md5
      md5: 74b613e19767bd9039035c214d5a5e5a
      size: 15323617
  create_movie:
    cmd: python -m src.torch.vit.create_movies
    deps:
    - path: outputs/glad-shape-197/trained_model.pth
      hash: md5
      md5: 7dec6d8379098dbdadb7fb3a49fd350e
      size: 95600921
    - path: solar_dataset.json
      hash: md5
      md5: 4529d184ced5a18d8303bdad72af79b7
      size: 42253014
    - path: src/torch/vit/class_wise_distribution.py
      hash: md5
      md5: a59405bb235fbcd6a01f03127ebadfb1
      size: 6298
    - path: src/torch/vit/create_movies.py
      hash: md5
      md5: 94324608dfcff4355cdbd32bc0f4effa
      size: 3037
    - path: src/torch/vit/ig.py
      hash: md5
      md5: 532398a7e7b04d9ec76de859f3b29386
      size: 6640
    - path: src/torch/vit/train.py
      hash: md5
      md5: ee241813666d738ad6f527d17166403b
      size: 10434
    - path: src/torch/vit/utils.py
      hash: md5
      md5: 5342d2ce21eefb9aded347a15770f430
      size: 3626
    - path: stats.pkl
      hash: md5
      md5: fe8e2d59c30489c29ec6e44ff8afb493
      size: 500
    outs:
    - path: tests_outputs/movie_131.mp4
      hash: md5
      md5: d11170b4e846689017db1b987133e3e1
      size: 7227007
  attribution_analyzis:
    cmd: python -m src.torch.vit.attributions_analyze
    deps:
    - path: outputs/glad-shape-197/trained_model.pth
      hash: md5
      md5: 7dec6d8379098dbdadb7fb3a49fd350e
      size: 95600921
    - path: solar_dataset.json
      hash: md5
      md5: 4529d184ced5a18d8303bdad72af79b7
      size: 42253014
    - path: src/torch/vit/attributions_analyze.py
      hash: md5
      md5: 806c2048a335bf4f91adf13182df3f69
      size: 6695
    - path: src/torch/vit/class_wise_distribution.py
      hash: md5
      md5: c978236cd1d264551ebed91d31091b2f
      size: 7180
    - path: src/torch/vit/ig.py
      hash: md5
      md5: 532398a7e7b04d9ec76de859f3b29386
      size: 6640
    - path: src/torch/vit/predictions_analyze.py
      hash: md5
      md5: 814143273ba76114ed3b1d9c309b0d7b
      size: 14255
    - path: src/torch/vit/train.py
      hash: md5
      md5: ee241813666d738ad6f527d17166403b
      size: 10434
    - path: src/torch/vit/utils.py
      hash: md5
      md5: b6a766d682c31543d9d20eafb7d28c1a
      size: 7551
    - path: stats.pkl
      hash: md5
      md5: fe8e2d59c30489c29ec6e44ff8afb493
      size: 500
    outs:
    - path: plots/predictions/1275/attributions_percentiles_99.png
      hash: md5
      md5: db1f489c75080fe580cfd91493f5fe8d
      size: 46039
    - path: plots/predictions/1275/filtered_image_intensities.png
      hash: md5
      md5: 4dc7fdce35a0a109270e942e90d42c49
      size: 47879
    - path: plots/predictions/1449/attributions_percentiles_99.png
      hash: md5
      md5: 376f6c15c9d45b3cba48cd38797c0c60
      size: 40994
    - path: plots/predictions/1449/filtered_image_intensities.png
      hash: md5
      md5: 92ecce6731b57d3ef8b127033f3775f0
      size: 28968
    - path: plots/predictions/185/attributions_percentiles_99.png
      hash: md5
      md5: d8768da554a5f0d03c45cca4139d16d4
      size: 46623
    - path: plots/predictions/185/filtered_image_intensities.png
      hash: md5
      md5: 0778905034920891eb370ff612b53385
      size: 45810
    - path: plots/predictions/2026/attributions_percentiles_99.png
      hash: md5
      md5: 4567a828c728e8f3c09fda9bb323b248
      size: 47965
    - path: plots/predictions/2026/filtered_image_intensities.png
      hash: md5
      md5: 930472ef6aaa30a07c4084c982fc18b9
      size: 37324
    - path: plots/predictions/3153/attributions_percentiles_99.png
      hash: md5
      md5: 0ed010f4a6ab604899ec929e1ee4e240
      size: 27838
    - path: plots/predictions/3153/filtered_image_intensities.png
      hash: md5
      md5: c4f513bc9b953db20c9f2bffe18b332e
      size: 19773
    - path: plots/predictions/3229/attributions_percentiles_99.png
      hash: md5
      md5: 99f40cec00fdab0b8fc4d513814369f3
      size: 40653
    - path: plots/predictions/3229/filtered_image_intensities.png
      hash: md5
      md5: e1b6092d22ee02843019a8a6462b3c61
      size: 45587
    - path: plots/predictions/3364/attributions_percentiles_99.png
      hash: md5
      md5: 8e164ccdb6b1145a9125bd38ad3f0244
      size: 35440
    - path: plots/predictions/3364/filtered_image_intensities.png
      hash: md5
      md5: c38c4425b66a24ae322e8d497a300c24
      size: 104446
    - path: plots/predictions/3563/attributions_percentiles_99.png
      hash: md5
      md5: 100ebb01bc839d1871665c66166c1792
      size: 40087
    - path: plots/predictions/3563/filtered_image_intensities.png
      hash: md5
      md5: e295b47a361912fe4447a1d1065f4f4b
      size: 84232
    - path: plots/predictions/377/attributions_percentiles_99.png
      hash: md5
      md5: 254e44ba3fbd9cb3f3b817d7aaa88e76
      size: 44646
    - path: plots/predictions/377/filtered_image_intensities.png
      hash: md5
      md5: 071a9b51df342bde682f55311a26a2cb
      size: 46453
    - path: plots/predictions/401/attributions_percentiles_99.png
      hash: md5
      md5: 21f1f7e0ba6ca9189a758f7b1cff3fda
      size: 39915
    - path: plots/predictions/401/filtered_image_intensities.png
      hash: md5
      md5: df8df736e9cb1ac9098fa266fe5b6fd5
      size: 75233
    - path: plots/predictions/4296/attributions_percentiles_99.png
      hash: md5
      md5: 2e11ce7607c05e66a3ddc8235881b202
      size: 43051
    - path: plots/predictions/4296/filtered_image_intensities.png
      hash: md5
      md5: 93c90f4dec70dcf52b48aafde745403c
      size: 61122
    - path: plots/predictions/4920/attributions_percentiles_99.png
      hash: md5
      md5: 245c9a3d1e0a0e94e315934398954e40
      size: 37188
    - path: plots/predictions/4920/filtered_image_intensities.png
      hash: md5
      md5: 92d49b09d36aa4101e5217e113d8a6bb
      size: 75678
    - path: plots/predictions/5894/attributions_percentiles_99.png
      hash: md5
      md5: d922fc298326954edb224d84a334ea79
      size: 38195
    - path: plots/predictions/5894/filtered_image_intensities.png
      hash: md5
      md5: a3922f13eb04dea4ccab68e4bc4b3374
      size: 64462
    - path: plots/predictions/833/attributions_percentiles_99.png
      hash: md5
      md5: 6a37b3b3606c282e275455c99b4418db
      size: 39416
    - path: plots/predictions/833/filtered_image_intensities.png
      hash: md5
      md5: 5bc9e3577aa11e6e4bced54d42904ed1
      size: 121267
  confusion-matrix-val:
    cmd: python -m src.torch.vit.test --subset validation
    deps:
    - path: outputs/glad-shape-197/trained_model.pth
      hash: md5
      md5: 7dec6d8379098dbdadb7fb3a49fd350e
      size: 95600921
    - path: solar_dataset.json
      hash: md5
      md5: 4529d184ced5a18d8303bdad72af79b7
      size: 42253014
    - path: src/torch/vit/test.py
      hash: md5
      md5: 16c8a0dfd4a30e5d0ec0a60f75479743
      size: 9687
    - path: stats.pkl
      hash: md5
      md5: fe8e2d59c30489c29ec6e44ff8afb493
      size: 500
    outs:
    - path: plots/cm.png
      hash: md5
      md5: f8e68834c0d016f870a727a83b2fe88f
      size: 15502
  data-single:
    cmd: python -m src.data_single --process --select
    deps:
    - path: data/GOES_event_list.csv
      hash: md5
      md5: 0d9b65982ed410b544785c53d41ce49c
      size: 82751
    - path: data/aarps_full_urlist.txt
      hash: md5
      md5: 1408237b6152654b548aaa72a6b1da18
      size: 26430504
    - path: data/all_harps_with_noaa_ars.txt
      hash: md5
      md5: dcb5e46cd87218eb8bab35150603c550
      size: 13005
    - path: src/data_single.py
      hash: md5
      md5: 9b14934a99b32bb34d8a99e70b546c50
      size: 13660
    outs:
    - path: data/combined_clean.csv
      hash: md5
      md5: 605086aa925be881110c91be6758218d
      size: 293146323
    - path: data/combined_dl_list.csv
      hash: md5
      md5: 2bfb4fa30fb10fff91169e61ea1090e6
      size: 4614842
    - path: data/combined_processed_df.csv
      hash: md5
      md5: cd0a270031526d26483593686b45c284
      size: 228865125
    - path: data/goes_df_aarp_id.csv
      hash: md5
      md5: 55fa78ca1661f4b9281be33b411d5f52
      size: 4391
    - path: data/grouped_df.csv
      hash: md5
      md5: b0ecebd5ecbf31c17d74918a48d5efce
      size: 636768
    - path: data/neg_urls_selected_downloaded.csv
      hash: md5
      md5: 899963aa1768eac5358732fd35094760
      size: 4338544
    - path: data/pos_urls_selected_downloaded.csv
      hash: md5
      md5: 82a83503ef966bb95230b099b4f9b2df
      size: 254673
    - path: data/shape_limited.csv
      hash: md5
      md5: 7b0a0556f40362ff021e044ce957c96d
      size: 124077895
  create-distribution:
    cmd: python -m src.torch.vit.class_wise_distribution
    deps:
    - path: outputs/glad-shape-197/trained_model.pth
      hash: md5
      md5: 7dec6d8379098dbdadb7fb3a49fd350e
      size: 95600921
    - path: solar_dataset.json
      hash: md5
      md5: 4529d184ced5a18d8303bdad72af79b7
      size: 42253014
    - path: src/torch/vit/class_wise_distribution.py
      hash: md5
      md5: c978236cd1d264551ebed91d31091b2f
      size: 7180
    - path: src/torch/vit/ig.py
      hash: md5
      md5: 532398a7e7b04d9ec76de859f3b29386
      size: 6640
    - path: src/torch/vit/utils.py
      hash: md5
      md5: b6a766d682c31543d9d20eafb7d28c1a
      size: 7551
    - path: stats.pkl
      hash: md5
      md5: fe8e2d59c30489c29ec6e44ff8afb493
      size: 500
    outs:
    - path: data/intermediate-outs/attributions_neg.pt
      hash: md5
      md5: fd17ccb95d13cc6b6d375106d2f8b23c
      size: 43951538052
    - path: data/intermediate-outs/attributions_pos.pt
      hash: md5
      md5: 4a3ca76ffb3545d29706981fc3588de8
      size: 22428583812
  kshap-stats:
    cmd: python -m src.torch.vit.kshap --subset test
    deps:
    - path: aarp_ml/torch/dataset.py
      hash: md5
      md5: 54cf5c2affbdc14174398d254d6231d0
      size: 2579
    - path: aarp_ml/torch/model.py
      hash: md5
      md5: d650942d2c5ce13b17d6b4ffbed9fa81
      size: 1945
    - path: outputs/glad-shape-197/trained_model.pth
      hash: md5
      md5: 7dec6d8379098dbdadb7fb3a49fd350e
      size: 95600921
    - path: solar_dataset.json
      hash: md5
      md5: 4529d184ced5a18d8303bdad72af79b7
      size: 42253014
    - path: src/torch/vit/kshap.py
      hash: md5
      md5: 4019218abf1cedfb4a39c71e2be85922
      size: 20452
    - path: src/torch/vit/utils.py
      hash: md5
      md5: b6a766d682c31543d9d20eafb7d28c1a
      size: 7551
    - path: stats.pkl
      hash: md5
      md5: fe8e2d59c30489c29ec6e44ff8afb493
      size: 500
    outs:
    - path: shap_stats_test.json
      hash: md5
      md5: 126562df2efd8aab7b0f4c5c0ed9fb36
      size: 1316677
  kshap-analyze:
    cmd: python -m src.torch.vit.analyze_shap --subset test
    deps:
    - path: shap_stats_test.json
      hash: md5
      md5: 126562df2efd8aab7b0f4c5c0ed9fb36
      size: 1316677
    - path: src/torch/vit/analyze_shap.py
      hash: md5
      md5: e9f41171c4358c425159b89872060eb0
      size: 16747
    outs:
    - path: plots/kshap/test/results
      hash: md5
      md5: b8f54061d18ddcccc96e1eb27fbecd23.dir
      size: 414383
      nfiles: 5
  subset-data:
    cmd: python -m src.aarp_subset_pipeline --process --json
    deps:
    - path: data/grouped_df.csv
      hash: md5
      md5: b0ecebd5ecbf31c17d74918a48d5efce
      size: 636768
    - path: data/neg_urls_selected_downloaded.csv
      hash: md5
      md5: 899963aa1768eac5358732fd35094760
      size: 4338544
    - path: data/pos_urls_selected_downloaded.csv
      hash: md5
      md5: 82a83503ef966bb95230b099b4f9b2df
      size: 254673
    - path: solar_dataset.json
      hash: md5
      md5: 4529d184ced5a18d8303bdad72af79b7
      size: 42253014
    - path: src/aarp_subset_pipeline.py
      hash: md5
      md5: 7121ff9398faeeba6da579ad410ce7d5
      size: 14955
    outs:
    - path: solar_dataset_subset.json
      hash: md5
      md5: 8c51233bd9905e04acdb97ab1da6cca4
      size: 1605977
  subset-confusion-matrix:
    cmd: python -m src.torch.vit.test --subset test --json-path 
      solar_dataset_subset.json --output-path plots/subset/cm.png
    deps:
    - path: outputs/glad-shape-197/trained_model.pth
      hash: md5
      md5: 7dec6d8379098dbdadb7fb3a49fd350e
      size: 95600921
    - path: solar_dataset_subset.json
      hash: md5
      md5: 8c51233bd9905e04acdb97ab1da6cca4
      size: 1605977
    - path: src/torch/vit/test.py
      hash: md5
      md5: 16c8a0dfd4a30e5d0ec0a60f75479743
      size: 9687
    - path: stats.pkl
      hash: md5
      md5: fe8e2d59c30489c29ec6e44ff8afb493
      size: 500
    outs:
    - path: plots/subset/cm.png
      hash: md5
      md5: 095e20d90df6249253a4817a5ecdd38c
      size: 12517
  subset-prediction-plots:
    cmd: python -m src.torch.vit.predictions_analyze --json-path 
      solar_dataset_subset.json --output-dir plots/subset/predictions
    deps:
    - path: outputs/glad-shape-197/trained_model.pth
      hash: md5
      md5: 7dec6d8379098dbdadb7fb3a49fd350e
      size: 95600921
    - path: solar_dataset_subset.json
      hash: md5
      md5: 8c51233bd9905e04acdb97ab1da6cca4
      size: 1605977
    - path: src/torch/vit/ig.py
      hash: md5
      md5: 532398a7e7b04d9ec76de859f3b29386
      size: 6640
    - path: src/torch/vit/predictions_analyze.py
      hash: md5
      md5: 814143273ba76114ed3b1d9c309b0d7b
      size: 14255
    - path: src/torch/vit/utils.py
      hash: md5
      md5: b6a766d682c31543d9d20eafb7d28c1a
      size: 7551
    - path: stats.pkl
      hash: md5
      md5: fe8e2d59c30489c29ec6e44ff8afb493
      size: 500
    outs:
    - path: plots/subset/predictions/1449/goes_with_predictions.png
      hash: md5
      md5: d348a45bfe52ab6bfab5ddd9b9259fea
      size: 61338
    - path: plots/subset/predictions/377/goes_with_predictions.png
      hash: md5
      md5: bff6d5607198a92ab06225ab734396c7
      size: 81708
  subset-contour-grid:
    cmd: python -m src.torch.vit.plot_contour_image_grid --json-path 
      solar_dataset_subset.json --aarp-id 377 --output-path 
      plots/subset/attribution_contour_grid.png
    deps:
    - path: outputs/glad-shape-197/trained_model.pth
      hash: md5
      md5: 7dec6d8379098dbdadb7fb3a49fd350e
      size: 95600921
    - path: solar_dataset_subset.json
      hash: md5
      md5: 8c51233bd9905e04acdb97ab1da6cca4
      size: 1605977
    - path: src/torch/vit/ig.py
      hash: md5
      md5: 532398a7e7b04d9ec76de859f3b29386
      size: 6640
    - path: src/torch/vit/plot_contour_image_grid.py
      hash: md5
      md5: bb3ec3c2e81e09bd660ebf3f646a986f
      size: 9359
    - path: src/torch/vit/utils.py
      hash: md5
      md5: b6a766d682c31543d9d20eafb7d28c1a
      size: 7551
    - path: stats.pkl
      hash: md5
      md5: fe8e2d59c30489c29ec6e44ff8afb493
      size: 500
    outs:
    - path: plots/subset/attribution_contour_grid.png
      hash: md5
      md5: 6c652f23233262545376508ab3f29360
      size: 16507578
  subset-create-distribution:
    cmd: python -m src.torch.vit.class_wise_distribution --json-path 
      solar_dataset_subset.json --output-neg 
      data/intermediate-outs/subset_attributions_neg.pt --output-pos 
      data/intermediate-outs/subset_attributions_pos.pt
    deps:
    - path: outputs/glad-shape-197/trained_model.pth
      hash: md5
      md5: 7dec6d8379098dbdadb7fb3a49fd350e
      size: 95600921
    - path: solar_dataset_subset.json
      hash: md5
      md5: 8c51233bd9905e04acdb97ab1da6cca4
      size: 1605977
    - path: src/torch/vit/class_wise_distribution.py
      hash: md5
      md5: c978236cd1d264551ebed91d31091b2f
      size: 7180
    - path: src/torch/vit/ig.py
      hash: md5
      md5: 532398a7e7b04d9ec76de859f3b29386
      size: 6640
    - path: src/torch/vit/utils.py
      hash: md5
      md5: b6a766d682c31543d9d20eafb7d28c1a
      size: 7551
    - path: stats.pkl
      hash: md5
      md5: fe8e2d59c30489c29ec6e44ff8afb493
      size: 500
    outs:
    - path: data/intermediate-outs/subset_attributions_neg.pt
      hash: md5
      md5: 6296c6186b5097a3c3b14adfc988df19
      size: 14297061408
    - path: data/intermediate-outs/subset_attributions_pos.pt
      hash: md5
      md5: a8959820723d1ee26f57ab748c3d593e
      size: 6271633760
  subset-plot-class-dist:
    cmd: python -m src.torch.vit.plot_class_wise_distribution --json-path 
      solar_dataset_subset.json --attributions-neg 
      data/intermediate-outs/subset_attributions_neg.pt --attributions-pos 
      data/intermediate-outs/subset_attributions_pos.pt --output-dir 
      plots/subset/distribution
    deps:
    - path: data/intermediate-outs/subset_attributions_neg.pt
      hash: md5
      md5: 6296c6186b5097a3c3b14adfc988df19
      size: 14297061408
    - path: data/intermediate-outs/subset_attributions_pos.pt
      hash: md5
      md5: a8959820723d1ee26f57ab748c3d593e
      size: 6271633760
    - path: solar_dataset_subset.json
      hash: md5
      md5: 8c51233bd9905e04acdb97ab1da6cca4
      size: 1605977
    - path: src/torch/vit/class_wise_distribution.py
      hash: md5
      md5: c978236cd1d264551ebed91d31091b2f
      size: 7180
    - path: src/torch/vit/ig.py
      hash: md5
      md5: 532398a7e7b04d9ec76de859f3b29386
      size: 6640
    - path: src/torch/vit/plot_class_wise_distribution.py
      hash: md5
      md5: 680f69fbdb9e2a74c781baa640df6a4b
      size: 12413
    - path: src/torch/vit/utils.py
      hash: md5
      md5: b6a766d682c31543d9d20eafb7d28c1a
      size: 7551
    outs:
    - path: plots/subset/distribution
      hash: md5
      md5: 5f1a355ca4fc7637591da6312ce3447d.dir
      size: 180136
      nfiles: 7
  subset-attribution-analysis:
    cmd: python -m src.torch.vit.attributions_analyze --json-path 
      solar_dataset_subset.json --output-dir plots/subset/predictions
    deps:
    - path: outputs/glad-shape-197/trained_model.pth
      hash: md5
      md5: 7dec6d8379098dbdadb7fb3a49fd350e
      size: 95600921
    - path: solar_dataset_subset.json
      hash: md5
      md5: 8c51233bd9905e04acdb97ab1da6cca4
      size: 1605977
    - path: src/torch/vit/attributions_analyze.py
      hash: md5
      md5: 806c2048a335bf4f91adf13182df3f69
      size: 6695
    - path: src/torch/vit/class_wise_distribution.py
      hash: md5
      md5: c978236cd1d264551ebed91d31091b2f
      size: 7180
    - path: src/torch/vit/ig.py
      hash: md5
      md5: 532398a7e7b04d9ec76de859f3b29386
      size: 6640
    - path: src/torch/vit/predictions_analyze.py
      hash: md5
      md5: 814143273ba76114ed3b1d9c309b0d7b
      size: 14255
    - path: src/torch/vit/train.py
      hash: md5
      md5: ee241813666d738ad6f527d17166403b
      size: 10434
    - path: src/torch/vit/utils.py
      hash: md5
      md5: b6a766d682c31543d9d20eafb7d28c1a
      size: 7551
    - path: stats.pkl
      hash: md5
      md5: fe8e2d59c30489c29ec6e44ff8afb493
      size: 500
    outs:
    - path: plots/subset/predictions/1449/attributions_percentiles_99.png
      hash: md5
      md5: 95c96204806d8e3699b2788798b88dbb
      size: 38405
    - path: plots/subset/predictions/1449/filtered_image_intensities.png
      hash: md5
      md5: a55904e5181c69989074a6f3d772c57f
      size: 24254
    - path: plots/subset/predictions/377/attributions_percentiles_99.png
      hash: md5
      md5: 1e8908cd6ab89d65c52c504823daf7dc
      size: 41946
    - path: plots/subset/predictions/377/filtered_image_intensities.png
      hash: md5
      md5: 7fd7a352e0057d5a622df33a3cc8fa5c
      size: 37507
  subset-create-movie-377:
    cmd: python -m src.torch.vit.create_movies --json-path 
      solar_dataset_subset.json --aarp-id 377 --output-path 
      plots/subset/movie_377_131.mp4
    deps:
    - path: outputs/glad-shape-197/trained_model.pth
      hash: md5
      md5: 7dec6d8379098dbdadb7fb3a49fd350e
      size: 95600921
    - path: solar_dataset_subset.json
      hash: md5
      md5: 97bbd5188b988939aa1a0c2f8a476d64
      size: 280429
    - path: src/torch/vit/class_wise_distribution.py
      hash: md5
      md5: c978236cd1d264551ebed91d31091b2f
      size: 7180
    - path: src/torch/vit/create_movies.py
      hash: md5
      md5: 425a0cc448168cf2cdae2246cfa5612c
      size: 3893
    - path: src/torch/vit/ig.py
      hash: md5
      md5: 532398a7e7b04d9ec76de859f3b29386
      size: 6640
    - path: src/torch/vit/utils.py
      hash: md5
      md5: b6a766d682c31543d9d20eafb7d28c1a
      size: 7551
    - path: stats.pkl
      hash: md5
      md5: fe8e2d59c30489c29ec6e44ff8afb493
      size: 500
    outs:
    - path: plots/subset/movie_377_131.mp4
      hash: md5
      md5: 23848129805934071e9301d55f18fe83
      size: 9964145
  subset-create-contour-movie-377:
    cmd: python -m src.torch.vit.create_contour_grid_movie --json-path 
      solar_dataset_subset.json --aarp-id 377 --output-path 
      plots/subset/movie_377_contour_grid.mp4
    deps:
    - path: outputs/glad-shape-197/trained_model.pth
      hash: md5
      md5: 7dec6d8379098dbdadb7fb3a49fd350e
      size: 95600921
    - path: solar_dataset_subset.json
      hash: md5
      md5: 97bbd5188b988939aa1a0c2f8a476d64
      size: 280429
    - path: src/torch/vit/class_wise_distribution.py
      hash: md5
      md5: c978236cd1d264551ebed91d31091b2f
      size: 7180
    - path: src/torch/vit/create_contour_grid_movie.py
      hash: md5
      md5: 14d7e6b6bd5402426f7014a7146587ad
      size: 4019
    - path: src/torch/vit/ig.py
      hash: md5
      md5: 532398a7e7b04d9ec76de859f3b29386
      size: 6640
    - path: src/torch/vit/plot_contour_image_grid.py
      hash: md5
      md5: bb3ec3c2e81e09bd660ebf3f646a986f
      size: 9359
    - path: src/torch/vit/utils.py
      hash: md5
      md5: b6a766d682c31543d9d20eafb7d28c1a
      size: 7551
    - path: stats.pkl
      hash: md5
      md5: fe8e2d59c30489c29ec6e44ff8afb493
      size: 500
    outs:
    - path: plots/subset/movie_377_contour_grid.mp4
      hash: md5
      md5: a98a7cc9b9861b37d20fdd2cd739e26d
      size: 183088897
  subset-create-raw-movie-377:
    cmd: python -m src.torch.vit.create_raw_movie --json-path 
      solar_dataset_subset.json --aarp-id 377 --output-path 
      plots/subset/movie_377_raw.mp4
    deps:
    - path: solar_dataset_subset.json
      hash: md5
      md5: 97bbd5188b988939aa1a0c2f8a476d64
      size: 280429
    - path: src/torch/vit/create_raw_movie.py
      hash: md5
      md5: ecca6217817d72d3981148eabdb25069
      size: 3734
    - path: src/torch/vit/ig.py
      hash: md5
      md5: 532398a7e7b04d9ec76de859f3b29386
      size: 6640
    - path: src/torch/vit/utils.py
      hash: md5
      md5: b6a766d682c31543d9d20eafb7d28c1a
      size: 7551
    outs:
    - path: plots/subset/movie_377_raw.mp4
      hash: md5
      md5: 35d54e9330cb23d97eb3cebb1f080a5c
      size: 15053606
  subset-raw-movies:
    cmd: python -m src.torch.vit.create_raw_movie --json-path 
      solar_dataset_subset.json --output-dir plots/subset/movies/raw
    deps:
    - path: solar_dataset_subset.json
      hash: md5
      md5: 8c51233bd9905e04acdb97ab1da6cca4
      size: 1605977
    - path: src/torch/vit/create_raw_movie.py
      hash: md5
      md5: cea8372c2f45d78e062927d870971d54
      size: 3754
    - path: src/torch/vit/ig.py
      hash: md5
      md5: 532398a7e7b04d9ec76de859f3b29386
      size: 6640
    - path: src/torch/vit/utils.py
      hash: md5
      md5: b6a766d682c31543d9d20eafb7d28c1a
      size: 7551
    outs:
    - path: plots/subset/movies/raw
      hash: md5
      md5: 1da59b32e383e3c49b99705ebf23536d.dir
      size: 102713233
      nfiles: 7
  subset-contour-grid-movies:
    cmd: python -m src.torch.vit.create_contour_grid_movie --json-path 
      solar_dataset_subset.json --output-dir plots/subset/movies/contour_grid
    deps:
    - path: outputs/glad-shape-197/trained_model.pth
      hash: md5
      md5: 7dec6d8379098dbdadb7fb3a49fd350e
      size: 95600921
    - path: solar_dataset_subset.json
      hash: md5
      md5: 8c51233bd9905e04acdb97ab1da6cca4
      size: 1605977
    - path: src/torch/vit/class_wise_distribution.py
      hash: md5
      md5: c978236cd1d264551ebed91d31091b2f
      size: 7180
    - path: src/torch/vit/create_contour_grid_movie.py
      hash: md5
      md5: 94d5e962657bf6b563c05cc728bbc580
      size: 3955
    - path: src/torch/vit/ig.py
      hash: md5
      md5: 532398a7e7b04d9ec76de859f3b29386
      size: 6640
    - path: src/torch/vit/plot_contour_image_grid.py
      hash: md5
      md5: bb3ec3c2e81e09bd660ebf3f646a986f
      size: 9359
    - path: src/torch/vit/utils.py
      hash: md5
      md5: b6a766d682c31543d9d20eafb7d28c1a
      size: 7551
    - path: stats.pkl
      hash: md5
      md5: fe8e2d59c30489c29ec6e44ff8afb493
      size: 500
    outs:
    - path: plots/subset/movies/contour_grid
      hash: md5
      md5: 4838ab97dc25022f964d391692ec9682.dir
      size: 1384390479
      nfiles: 7
  subset-attribution-movies:
    cmd: python -m src.torch.vit.create_movies --json-path 
      solar_dataset_subset.json --output-dir plots/subset/movies/attribution
    deps:
    - path: outputs/glad-shape-197/trained_model.pth
      hash: md5
      md5: 7dec6d8379098dbdadb7fb3a49fd350e
      size: 95600921
    - path: solar_dataset_subset.json
      hash: md5
      md5: 8c51233bd9905e04acdb97ab1da6cca4
      size: 1605977
    - path: src/torch/vit/class_wise_distribution.py
      hash: md5
      md5: c978236cd1d264551ebed91d31091b2f
      size: 7180
    - path: src/torch/vit/create_movies.py
      hash: md5
      md5: d35e427f45babf2901fff9f76ce39977
      size: 3843
    - path: src/torch/vit/ig.py
      hash: md5
      md5: 532398a7e7b04d9ec76de859f3b29386
      size: 6640
    - path: src/torch/vit/utils.py
      hash: md5
      md5: b6a766d682c31543d9d20eafb7d28c1a
      size: 7551
    - path: stats.pkl
      hash: md5
      md5: fe8e2d59c30489c29ec6e44ff8afb493
      size: 500
    outs:
    - path: plots/subset/movies/attribution
      hash: md5
      md5: e8402d48b3e8e22b5d4d90a3d4a2c194.dir
      size: 77095668
      nfiles: 7
  confusion-matrix-test:
    cmd: python -m src.torch.vit.test --subset test
    deps:
    - path: outputs/glad-shape-197/trained_model.pth
      hash: md5
      md5: 7dec6d8379098dbdadb7fb3a49fd350e
      size: 95600921
    - path: solar_dataset.json
      hash: md5
      md5: 4529d184ced5a18d8303bdad72af79b7
      size: 42253014
    - path: src/torch/vit/test.py
      hash: md5
      md5: 02ae5fe3748bf3ea1fa3310630ecb61e
      size: 9784
    - path: stats.pkl
      hash: md5
      md5: fe8e2d59c30489c29ec6e44ff8afb493
      size: 500
    outs:
    - path: plots/cm_test.png
      hash: md5
      md5: 67226628c7aabd698a389f5031542c1e
      size: 14556
  exp-kshap-stats@cv-fold1-94131ch-log:
    cmd: python -m src.torch.vit.kshap --subset test --trained-model-path 
      outputs/cv-fold1-94131ch/trained_model.pth --json-path 
      cv_folds/fold_1.json --stats-file stats.pkl --channels 94 131 
      --output-json artifacts/cv-fold1-94131ch-log/shap_stats_test.json
    deps:
    - path: aarp_ml/torch/dataset.py
      hash: md5
      md5: 0f90a90d485fe8dcf03ddbfd976783ca
      size: 3852
    - path: aarp_ml/torch/model.py
      hash: md5
      md5: d650942d2c5ce13b17d6b4ffbed9fa81
      size: 1945
    - path: cv_folds/fold_1.json
      hash: md5
      md5: de397fc6c04c8f1216562e0828ab80de
      size: 35198046
    - path: outputs/cv-fold1-94131ch/trained_model.pth
      hash: md5
      md5: 5cc7d554e75c055fe7658e0313a57bb0
      size: 90347801
    - path: src/torch/vit/kshap.py
      hash: md5
      md5: ebc4f2f6c9d33f801eb1db5523842fc1
      size: 24248
    - path: src/torch/vit/utils.py
      hash: md5
      md5: 11aabc3295fce81b2f89def9a029d839
      size: 7547
    - path: stats.pkl
      hash: md5
      md5: 054da1080a93ea66e8e70a3ecd48d1db
      size: 500
    outs:
    - path: artifacts/cv-fold1-94131ch-log/shap_stats_test.json
      hash: md5
      md5: e71307971b58d84cfb844b4e5f56d779
      size: 14228
  exp-kshap-stats@glad-shape-197-lin:
    cmd: python -m src.torch.vit.kshap --subset test --trained-model-path 
      outputs/glad-shape-197/trained_model.pth --json-path solar_dataset.json 
      --stats-file stats_raw.pkl  --output-json 
      artifacts/glad-shape-197-lin/shap_stats_test.json
    deps:
    - path: aarp_ml/torch/dataset.py
      hash: md5
      md5: 0f90a90d485fe8dcf03ddbfd976783ca
      size: 3852
    - path: aarp_ml/torch/model.py
      hash: md5
      md5: d650942d2c5ce13b17d6b4ffbed9fa81
      size: 1945
    - path: outputs/glad-shape-197/trained_model.pth
      hash: md5
      md5: 7dec6d8379098dbdadb7fb3a49fd350e
      size: 95600921
    - path: solar_dataset.json
      hash: md5
      md5: 4529d184ced5a18d8303bdad72af79b7
      size: 42253014
    - path: src/torch/vit/kshap.py
      hash: md5
      md5: ebc4f2f6c9d33f801eb1db5523842fc1
      size: 24248
    - path: src/torch/vit/utils.py
      hash: md5
      md5: 11aabc3295fce81b2f89def9a029d839
      size: 7547
    - path: stats_raw.pkl
      hash: md5
      md5: fe8e2d59c30489c29ec6e44ff8afb493
      size: 500
    outs:
    - path: artifacts/glad-shape-197-lin/shap_stats_test.json
      hash: md5
      md5: 126562df2efd8aab7b0f4c5c0ed9fb36
      size: 1316677
  exp-eval-test@cv-fold0-7ch-normfix-l1-log:
    cmd: python -m src.torch.vit.test --subset test --trained-model 
      outputs/cv-fold0-94131171193211304335ch-normfix-l1/trained_model.pth 
      --json-path cv_folds/fold_0.json --stats-file cv_folds/fold_0_stats.pkl 
      --output-path artifacts/cv-fold0-7ch-normfix-l1-log/cm_test.png 
      --metrics-out metrics/cv-fold0-7ch-normfix-l1-log/scores_test.json
    deps:
    - path: cv_folds/fold_0.json
      hash: md5
      md5: 3d61ed936ee853e6cbdfa0b5d84c4201
      size: 35198045
    - path: cv_folds/fold_0_stats.pkl
      hash: md5
      md5: 011bb165dbb35326149d27d94cdf6729
      size: 331
    - path: outputs/cv-fold0-94131171193211304335ch-normfix-l1/trained_model.pth
      hash: md5
      md5: 4d7d345fd67aad94755da4949280be78
      size: 95600921
    - path: src/torch/vit/test.py
      hash: md5
      md5: 0ec06fa7488185c08fda23fcb0ea8195
      size: 13252
    - path: src/torch/vit/utils.py
      hash: md5
      md5: 11aabc3295fce81b2f89def9a029d839
      size: 7547
    outs:
    - path: artifacts/cv-fold0-7ch-normfix-l1-log/cm_test.png
      hash: md5
      md5: 5628bbcbe718a3276d7fa6fff6b9e530
      size: 15328
    - path: metrics/cv-fold0-7ch-normfix-l1-log/scores_test.json
      hash: md5
      md5: d9ae9769a6b8db0425ebd92095282086
      size: 374
  exp-eval-validation@cv-fold0-7ch-normfix-l1-log:
    cmd: python -m src.torch.vit.test --subset validation --trained-model 
      outputs/cv-fold0-94131171193211304335ch-normfix-l1/trained_model.pth 
      --json-path cv_folds/fold_0.json --stats-file cv_folds/fold_0_stats.pkl 
      --output-path artifacts/cv-fold0-7ch-normfix-l1-log/cm_validation.png 
      --metrics-out metrics/cv-fold0-7ch-normfix-l1-log/scores_validation.json
    deps:
    - path: cv_folds/fold_0.json
      hash: md5
      md5: 3d61ed936ee853e6cbdfa0b5d84c4201
      size: 35198045
    - path: cv_folds/fold_0_stats.pkl
      hash: md5
      md5: 011bb165dbb35326149d27d94cdf6729
      size: 331
    - path: outputs/cv-fold0-94131171193211304335ch-normfix-l1/trained_model.pth
      hash: md5
      md5: 4d7d345fd67aad94755da4949280be78
      size: 95600921
    - path: src/torch/vit/test.py
      hash: md5
      md5: 0ec06fa7488185c08fda23fcb0ea8195
      size: 13252
    - path: src/torch/vit/utils.py
      hash: md5
      md5: 11aabc3295fce81b2f89def9a029d839
      size: 7547
    outs:
    - path: artifacts/cv-fold0-7ch-normfix-l1-log/cm_validation.png
      hash: md5
      md5: b41324b072d4aa33cdfca8dbd3aefcb2
      size: 13322
    - path: metrics/cv-fold0-7ch-normfix-l1-log/scores_validation.json
      hash: md5
      md5: 1543b5e6ccad182aa1d4d25c79aede96
      size: 372
  exp-kshap-stats@cv-fold0-7ch-normfix-l1-log:
    cmd: python -m src.torch.vit.kshap --subset test --trained-model-path 
      outputs/cv-fold0-94131171193211304335ch-normfix-l1/trained_model.pth 
      --json-path cv_folds/fold_0.json --stats-file cv_folds/fold_0_stats.pkl 
      --output-json artifacts/cv-fold0-7ch-normfix-l1-log/shap_stats_test.json
    deps:
    - path: aarp_ml/torch/dataset.py
      hash: md5
      md5: 0f90a90d485fe8dcf03ddbfd976783ca
      size: 3852
    - path: aarp_ml/torch/model.py
      hash: md5
      md5: d650942d2c5ce13b17d6b4ffbed9fa81
      size: 1945
    - path: cv_folds/fold_0.json
      hash: md5
      md5: 3d61ed936ee853e6cbdfa0b5d84c4201
      size: 35198045
    - path: cv_folds/fold_0_stats.pkl
      hash: md5
      md5: 011bb165dbb35326149d27d94cdf6729
      size: 331
    - path: outputs/cv-fold0-94131171193211304335ch-normfix-l1/trained_model.pth
      hash: md5
      md5: 4d7d345fd67aad94755da4949280be78
      size: 95600921
    - path: src/torch/vit/kshap.py
      hash: md5
      md5: ebc4f2f6c9d33f801eb1db5523842fc1
      size: 24248
    - path: src/torch/vit/utils.py
      hash: md5
      md5: 11aabc3295fce81b2f89def9a029d839
      size: 7547
    outs:
    - path: artifacts/cv-fold0-7ch-normfix-l1-log/shap_stats_test.json
      hash: md5
      md5: 5385a8fd66c24197790c8f7152717f01
      size: 32111
  exp-eval-validation@pretrained-vit-dropout03-epoch01-log:
    cmd: python -m src.torch.vit.test --subset validation --trained-model 
      outputs/pretrained-vit-solar-dataset-dropout03/epoch_checkpoints/epoch_01.pth
      --json-path solar_dataset.json --stats-file stats.pkl  --model-type 
      vit-pretrained --output-path 
      artifacts/pretrained-vit-dropout03-epoch01-log/cm_validation.png 
      --metrics-out 
      metrics/pretrained-vit-dropout03-epoch01-log/scores_validation.json
    deps:
    - path: 
        outputs/pretrained-vit-solar-dataset-dropout03/epoch_checkpoints/epoch_01.pth
      hash: md5
      md5: 6dd97340ec59d7355525902130711824
      size: 3652596110
    - path: solar_dataset.json
      hash: md5
      md5: 4529d184ced5a18d8303bdad72af79b7
      size: 42253014
    - path: src/torch/vit/test.py
      hash: md5
      md5: b092de26cf756ec602d6f2e484c965dd
      size: 14114
    - path: src/torch/vit/utils.py
      hash: md5
      md5: 68b8e2721d93571d76e9a6a2b9b16497
      size: 9789
    - path: stats.pkl
      hash: md5
      md5: 054da1080a93ea66e8e70a3ecd48d1db
      size: 500
    outs:
    - path: artifacts/pretrained-vit-dropout03-epoch01-log/cm_validation.png
      hash: md5
      md5: ba09f4295f227d40148cb6621d09165f
      size: 13162
    - path: metrics/pretrained-vit-dropout03-epoch01-log/scores_validation.json
      hash: md5
      md5: d5b1a92d7c1dd9891181144cd8182853
      size: 345
  exp-eval-test@pretrained-vit-dropout03-epoch01-log:
    cmd: python -m src.torch.vit.test --subset test --trained-model 
      outputs/pretrained-vit-solar-dataset-dropout03/epoch_checkpoints/epoch_01.pth
      --json-path solar_dataset.json --stats-file stats.pkl  --model-type 
      vit-pretrained --output-path 
      artifacts/pretrained-vit-dropout03-epoch01-log/cm_test.png --metrics-out 
      metrics/pretrained-vit-dropout03-epoch01-log/scores_test.json
    deps:
    - path: 
        outputs/pretrained-vit-solar-dataset-dropout03/epoch_checkpoints/epoch_01.pth
      hash: md5
      md5: 6dd97340ec59d7355525902130711824
      size: 3652596110
    - path: solar_dataset.json
      hash: md5
      md5: 4529d184ced5a18d8303bdad72af79b7
      size: 42253014
    - path: src/torch/vit/test.py
      hash: md5
      md5: b092de26cf756ec602d6f2e484c965dd
      size: 14114
    - path: src/torch/vit/utils.py
      hash: md5
      md5: 68b8e2721d93571d76e9a6a2b9b16497
      size: 9789
    - path: stats.pkl
      hash: md5
      md5: 054da1080a93ea66e8e70a3ecd48d1db
      size: 500
    outs:
    - path: artifacts/pretrained-vit-dropout03-epoch01-log/cm_test.png
      hash: md5
      md5: 4d67778ac099b92a453218cc9d2a5db9
      size: 13452
    - path: metrics/pretrained-vit-dropout03-epoch01-log/scores_test.json
      hash: md5
      md5: a0fe9dd13e389b564c387c64407fcb6c
      size: 371
  exp-contour-grids@pretrained-vit-dropout03-epoch01-log:
    cmd:
    - python -m src.torch.vit.plot_contour_image_grid --json-path 
      solar_dataset.json --model-path 
      outputs/pretrained-vit-solar-dataset-dropout03/epoch_checkpoints/epoch_01.pth
      --stats-file stats.pkl  --model-type vit-pretrained --aarp-id 377 
      --output-path 
      artifacts/pretrained-vit-dropout03-epoch01-log/contour_grid/aarp377.png
    - python -m src.torch.vit.plot_contour_image_grid --json-path 
      solar_dataset.json --model-path 
      outputs/pretrained-vit-solar-dataset-dropout03/epoch_checkpoints/epoch_01.pth
      --stats-file stats.pkl  --model-type vit-pretrained --aarp-id 1449 
      --output-path 
      artifacts/pretrained-vit-dropout03-epoch01-log/contour_grid/aarp1449.png
    - python -m src.torch.vit.plot_contour_image_grid --json-path 
      solar_dataset.json --model-path 
      outputs/pretrained-vit-solar-dataset-dropout03/epoch_checkpoints/epoch_01.pth
      --stats-file stats.pkl  --model-type vit-pretrained --aarp-id 2026 
      --output-path 
      artifacts/pretrained-vit-dropout03-epoch01-log/contour_grid/aarp2026.png
    - python -m src.torch.vit.plot_contour_image_grid --json-path 
      solar_dataset.json --model-path 
      outputs/pretrained-vit-solar-dataset-dropout03/epoch_checkpoints/epoch_01.pth
      --stats-file stats.pkl  --model-type vit-pretrained --aarp-id 4296 
      --output-path 
      artifacts/pretrained-vit-dropout03-epoch01-log/contour_grid/aarp4296.png
    deps:
    - path: 
        outputs/pretrained-vit-solar-dataset-dropout03/epoch_checkpoints/epoch_01.pth
      hash: md5
      md5: 6dd97340ec59d7355525902130711824
      size: 3652596110
    - path: solar_dataset.json
      hash: md5
      md5: 4529d184ced5a18d8303bdad72af79b7
      size: 42253014
    - path: src/torch/vit/ig.py
      hash: md5
      md5: 0ba5409c583b8a26b900d6e422467032
      size: 7714
    - path: src/torch/vit/plot_contour_image_grid.py
      hash: md5
      md5: 5d014f99733c28993615187812a12a66
      size: 11308
    - path: src/torch/vit/utils.py
      hash: md5
      md5: 68b8e2721d93571d76e9a6a2b9b16497
      size: 9789
    - path: stats.pkl
      hash: md5
      md5: 054da1080a93ea66e8e70a3ecd48d1db
      size: 500
    outs:
    - path: artifacts/pretrained-vit-dropout03-epoch01-log/contour_grid
      hash: md5
      md5: bd8937d0a7204613f1d04c80c5c1884e.dir
      size: 67064133
      nfiles: 4
  exp-prediction-plots@pretrained-vit-dropout03-epoch01-log:
    cmd: python -m src.torch.vit.predictions_analyze --json-path 
      solar_dataset.json --model-path 
      outputs/pretrained-vit-solar-dataset-dropout03/epoch_checkpoints/epoch_01.pth
      --stats-file stats.pkl  --model-type vit-pretrained --output-dir 
      artifacts/pretrained-vit-dropout03-epoch01-log/predictions
    deps:
    - path: 
        outputs/pretrained-vit-solar-dataset-dropout03/epoch_checkpoints/epoch_01.pth
      hash: md5
      md5: 6dd97340ec59d7355525902130711824
      size: 3652596110
    - path: solar_dataset.json
      hash: md5
      md5: 4529d184ced5a18d8303bdad72af79b7
      size: 42253014
    - path: src/torch/vit/ig.py
      hash: md5
      md5: 0ba5409c583b8a26b900d6e422467032
      size: 7714
    - path: src/torch/vit/predictions_analyze.py
      hash: md5
      md5: 5a0df238b97e0daa92b31b33c51e7853
      size: 16658
    - path: stats.pkl
      hash: md5
      md5: 054da1080a93ea66e8e70a3ecd48d1db
      size: 500
    outs:
    - path: artifacts/pretrained-vit-dropout03-epoch01-log/predictions
      hash: md5
      md5: adfc06cda4332dc48549b9a5d5f064e0.dir
      size: 1019711
      nfiles: 14
  exp-roc@pretrained-vit-dropout03-epoch01-log:
    cmd: python -m src.torch.vit.compare_models --vit-path 
      outputs/pretrained-vit-solar-dataset-dropout03/epoch_checkpoints/epoch_01.pth
      --xgb-path outputs/devoted-pond-14/best_xgboost_model.json --subset test 
      --json-path solar_dataset.json --stats-file stats.pkl --model-type 
      vit-pretrained --output-dir 
      artifacts/pretrained-vit-dropout03-epoch01-log/roc_test
    deps:
    - path: outputs/devoted-pond-14/best_xgboost_model.json
      hash: md5
      md5: e8eb6d2c13466fcfb02ed6ec3670989f
      size: 60468
    - path: 
        outputs/pretrained-vit-solar-dataset-dropout03/epoch_checkpoints/epoch_01.pth
      hash: md5
      md5: 6dd97340ec59d7355525902130711824
      size: 3652596110
    - path: solar_dataset.json
      hash: md5
      md5: 4529d184ced5a18d8303bdad72af79b7
      size: 42253014
    - path: src/torch/vit/compare_models.py
      hash: md5
      md5: de37b4399f23c711eca1c8da7767ea5e
      size: 16778
    - path: src/torch/vit/evaluate_aarp.py
      hash: md5
      md5: b6d43ba2197f5f92257fbe1f72e85fd9
      size: 30306
    - path: src/torch/vit/utils.py
      hash: md5
      md5: 68b8e2721d93571d76e9a6a2b9b16497
      size: 9789
    - path: stats.pkl
      hash: md5
      md5: 054da1080a93ea66e8e70a3ecd48d1db
      size: 500
    outs:
    - path: artifacts/pretrained-vit-dropout03-epoch01-log/roc_test
      hash: md5
      md5: 39086301bfb0c4b55899804b2d14a30c.dir
      size: 79618
      nfiles: 3
